// !$*UTF8*$!
{
	archiveVersion = 1;
	classes = {
	};
	objectVersion = 56;
	objects = {

/* Begin PBXBuildFile section */
		9E386BD02B5AD4C3001692AD /* TestDateModel.swift in Sources */ = {isa = PBXBuildFile; fileRef = 9E386BCF2B5AD4C3001692AD /* TestDateModel.swift */; };
		9E386BD32B5B7F12001692AD /* FilterDetailView.swift in Sources */ = {isa = PBXBuildFile; fileRef = 9E39C88C2B482EA8008B795F /* FilterDetailView.swift */; };
		9E386BD42B5B83D4001692AD /* BookMarkView.swift in Sources */ = {isa = PBXBuildFile; fileRef = 9E946E7B2B53D5ED006752D9 /* BookMarkView.swift */; };
		9E386BD52B5B83D4001692AD /* BookMarkStyleView.swift in Sources */ = {isa = PBXBuildFile; fileRef = 9E39C7C52B381FB6008B795F /* BookMarkStyleView.swift */; };
		9E386BD62B5B83D4001692AD /* MyProfileView.swift in Sources */ = {isa = PBXBuildFile; fileRef = 9E39C7C72B381FC9008B795F /* MyProfileView.swift */; };
		9E386BD72B5B83D4001692AD /* BookMarkCreatorDetailView.swift in Sources */ = {isa = PBXBuildFile; fileRef = 9EDB50122B554ACF00CF0B42 /* BookMarkCreatorDetailView.swift */; };
		9E386BD82B5B83D4001692AD /* BookMarkItemDetailView.swift in Sources */ = {isa = PBXBuildFile; fileRef = 9EDB50192B58190800CF0B42 /* BookMarkItemDetailView.swift */; };
		9E386BDA2B5B83D4001692AD /* BookMarkItemViewModel.swift in Sources */ = {isa = PBXBuildFile; fileRef = 9EDB501B2B58CF3800CF0B42 /* BookMarkItemViewModel.swift */; };
		9E386BDC2B5B9A3C001692AD /* BookMarkCreatorView.swift in Sources */ = {isa = PBXBuildFile; fileRef = 9E386BDB2B5B9A3C001692AD /* BookMarkCreatorView.swift */; };
		9E386BDE2B5B9A70001692AD /* BookMarkLikeView.swift in Sources */ = {isa = PBXBuildFile; fileRef = 9E386BDD2B5B9A70001692AD /* BookMarkLikeView.swift */; };
		9E386BE02B5B9AEB001692AD /* BookMarkItemView.swift in Sources */ = {isa = PBXBuildFile; fileRef = 9E386BDF2B5B9AEB001692AD /* BookMarkItemView.swift */; };
		9E39C7B42B37F64B008B795F /* CloneCoddingOnthelookApp.swift in Sources */ = {isa = PBXBuildFile; fileRef = 9E39C7B32B37F64B008B795F /* CloneCoddingOnthelookApp.swift */; };
		9E39C7B62B37F64B008B795F /* ContentView.swift in Sources */ = {isa = PBXBuildFile; fileRef = 9E39C7B52B37F64B008B795F /* ContentView.swift */; };
		9E39C7B82B37F64D008B795F /* Assets.xcassets in Resources */ = {isa = PBXBuildFile; fileRef = 9E39C7B72B37F64D008B795F /* Assets.xcassets */; };
		9E39C7BB2B37F64D008B795F /* Preview Assets.xcassets in Resources */ = {isa = PBXBuildFile; fileRef = 9E39C7BA2B37F64D008B795F /* Preview Assets.xcassets */; };
		9E39C7C22B37F668008B795F /* DetailCardView.swift in Sources */ = {isa = PBXBuildFile; fileRef = 9E39C7C12B37F668008B795F /* DetailCardView.swift */; };
		9E39C7C42B381B86008B795F /* HomeView.swift in Sources */ = {isa = PBXBuildFile; fileRef = 9E39C7C32B381B86008B795F /* HomeView.swift */; };
		9E39C7CA2B3820CD008B795F /* CardView.swift in Sources */ = {isa = PBXBuildFile; fileRef = 9E39C7C92B3820CD008B795F /* CardView.swift */; };
		9E39C7CE2B3A947E008B795F /* Profile.swift in Sources */ = {isa = PBXBuildFile; fileRef = 9E39C7CD2B3A947E008B795F /* Profile.swift */; };
		9E39C7D22B3B18A3008B795F /* Card.swift in Sources */ = {isa = PBXBuildFile; fileRef = 9E39C7D12B3B18A3008B795F /* Card.swift */; };
		9E39C7D42B3B1917008B795F /* Cloth.swift in Sources */ = {isa = PBXBuildFile; fileRef = 9E39C7D32B3B1917008B795F /* Cloth.swift */; };
		9E39C7D62B3B1AB8008B795F /* ClothView.swift in Sources */ = {isa = PBXBuildFile; fileRef = 9E39C7D52B3B1AB8008B795F /* ClothView.swift */; };
		9E946E7A2B4FD2E8006752D9 /* DetailClothView.swift in Sources */ = {isa = PBXBuildFile; fileRef = 9E946E792B4FD2E8006752D9 /* DetailClothView.swift */; };
		9EDB50152B554D8F00CF0B42 /* DataModel.swift in Sources */ = {isa = PBXBuildFile; fileRef = 9EDB50142B554D8F00CF0B42 /* DataModel.swift */; };
/* End PBXBuildFile section */

/* Begin PBXFileReference section */
		9E386BCF2B5AD4C3001692AD /* TestDateModel.swift */ = {isa = PBXFileReference; lastKnownFileType = sourcecode.swift; path = TestDateModel.swift; sourceTree = "<group>"; };
		9E386BDB2B5B9A3C001692AD /* BookMarkCreatorView.swift */ = {isa = PBXFileReference; lastKnownFileType = sourcecode.swift; path = BookMarkCreatorView.swift; sourceTree = "<group>"; };
		9E386BDD2B5B9A70001692AD /* BookMarkLikeView.swift */ = {isa = PBXFileReference; lastKnownFileType = sourcecode.swift; path = BookMarkLikeView.swift; sourceTree = "<group>"; };
		9E386BDF2B5B9AEB001692AD /* BookMarkItemView.swift */ = {isa = PBXFileReference; lastKnownFileType = sourcecode.swift; path = BookMarkItemView.swift; sourceTree = "<group>"; };
		9E39C7B02B37F64B008B795F /* CloneCoddingOnthelook.app */ = {isa = PBXFileReference; explicitFileType = wrapper.application; includeInIndex = 0; path = CloneCoddingOnthelook.app; sourceTree = BUILT_PRODUCTS_DIR; };
		9E39C7B32B37F64B008B795F /* CloneCoddingOnthelookApp.swift */ = {isa = PBXFileReference; lastKnownFileType = sourcecode.swift; path = CloneCoddingOnthelookApp.swift; sourceTree = "<group>"; };
		9E39C7B52B37F64B008B795F /* ContentView.swift */ = {isa = PBXFileReference; lastKnownFileType = sourcecode.swift; path = ContentView.swift; sourceTree = "<group>"; };
		9E39C7B72B37F64D008B795F /* Assets.xcassets */ = {isa = PBXFileReference; lastKnownFileType = folder.assetcatalog; path = Assets.xcassets; sourceTree = "<group>"; };
		9E39C7BA2B37F64D008B795F /* Preview Assets.xcassets */ = {isa = PBXFileReference; lastKnownFileType = folder.assetcatalog; path = "Preview Assets.xcassets"; sourceTree = "<group>"; };
		9E39C7C12B37F668008B795F /* DetailCardView.swift */ = {isa = PBXFileReference; lastKnownFileType = sourcecode.swift; path = DetailCardView.swift; sourceTree = "<group>"; };
		9E39C7C32B381B86008B795F /* HomeView.swift */ = {isa = PBXFileReference; lastKnownFileType = sourcecode.swift; path = HomeView.swift; sourceTree = "<group>"; };
		9E39C7C52B381FB6008B795F /* BookMarkStyleView.swift */ = {isa = PBXFileReference; lastKnownFileType = sourcecode.swift; path = BookMarkStyleView.swift; sourceTree = "<group>"; };
		9E39C7C72B381FC9008B795F /* MyProfileView.swift */ = {isa = PBXFileReference; lastKnownFileType = sourcecode.swift; path = MyProfileView.swift; sourceTree = "<group>"; };
		9E39C7C92B3820CD008B795F /* CardView.swift */ = {isa = PBXFileReference; lastKnownFileType = sourcecode.swift; path = CardView.swift; sourceTree = "<group>"; };
		9E39C7CD2B3A947E008B795F /* Profile.swift */ = {isa = PBXFileReference; lastKnownFileType = sourcecode.swift; path = Profile.swift; sourceTree = "<group>"; };
		9E39C7D12B3B18A3008B795F /* Card.swift */ = {isa = PBXFileReference; lastKnownFileType = sourcecode.swift; path = Card.swift; sourceTree = "<group>"; };
		9E39C7D32B3B1917008B795F /* Cloth.swift */ = {isa = PBXFileReference; lastKnownFileType = sourcecode.swift; path = Cloth.swift; sourceTree = "<group>"; };
		9E39C7D52B3B1AB8008B795F /* ClothView.swift */ = {isa = PBXFileReference; lastKnownFileType = sourcecode.swift; path = ClothView.swift; sourceTree = "<group>"; };
		9E39C88C2B482EA8008B795F /* FilterDetailView.swift */ = {isa = PBXFileReference; lastKnownFileType = sourcecode.swift; path = FilterDetailView.swift; sourceTree = "<group>"; };
		9E946E792B4FD2E8006752D9 /* DetailClothView.swift */ = {isa = PBXFileReference; lastKnownFileType = sourcecode.swift; path = DetailClothView.swift; sourceTree = "<group>"; };
		9E946E7B2B53D5ED006752D9 /* BookMarkView.swift */ = {isa = PBXFileReference; lastKnownFileType = sourcecode.swift; path = BookMarkView.swift; sourceTree = "<group>"; };
		9ED9375D2B4A7764007C51E6 /* Info.plist */ = {isa = PBXFileReference; lastKnownFileType = text.plist.xml; path = Info.plist; sourceTree = "<group>"; };
		9EDB50122B554ACF00CF0B42 /* BookMarkCreatorDetailView.swift */ = {isa = PBXFileReference; lastKnownFileType = sourcecode.swift; path = BookMarkCreatorDetailView.swift; sourceTree = "<group>"; };
		9EDB50142B554D8F00CF0B42 /* DataModel.swift */ = {isa = PBXFileReference; lastKnownFileType = sourcecode.swift; path = DataModel.swift; sourceTree = "<group>"; };
		9EDB50192B58190800CF0B42 /* BookMarkItemDetailView.swift */ = {isa = PBXFileReference; lastKnownFileType = sourcecode.swift; path = BookMarkItemDetailView.swift; sourceTree = "<group>"; };
		9EDB501B2B58CF3800CF0B42 /* BookMarkItemViewModel.swift */ = {isa = PBXFileReference; lastKnownFileType = sourcecode.swift; path = BookMarkItemViewModel.swift; sourceTree = "<group>"; };
/* End PBXFileReference section */

/* Begin PBXFrameworksBuildPhase section */
		9E39C7AD2B37F64B008B795F /* Frameworks */ = {
			isa = PBXFrameworksBuildPhase;
			buildActionMask = 2147483647;
			files = (
			);
			runOnlyForDeploymentPostprocessing = 0;
		};
/* End PBXFrameworksBuildPhase section */

/* Begin PBXGroup section */
		9E39C7A72B37F64B008B795F = {
			isa = PBXGroup;
			children = (
				9E39C7B22B37F64B008B795F /* CloneCoddingOnthelook */,
				9E39C7B12B37F64B008B795F /* Products */,
			);
			sourceTree = "<group>";
		};
		9E39C7B12B37F64B008B795F /* Products */ = {
			isa = PBXGroup;
			children = (
				9E39C7B02B37F64B008B795F /* CloneCoddingOnthelook.app */,
			);
			name = Products;
			sourceTree = "<group>";
		};
		9E39C7B22B37F64B008B795F /* CloneCoddingOnthelook */ = {
			isa = PBXGroup;
			children = (
				9E39C7B32B37F64B008B795F /* CloneCoddingOnthelookApp.swift */,
				9E39C7B52B37F64B008B795F /* ContentView.swift */,
				9E39C7CF2B3A94F1008B795F /* Model */,
				9E39C7D02B3A9857008B795F /* View */,
				9E39C8892B482CD1008B795F /* View Model */,
				9E39C7B92B37F64D008B795F /* Preview Content */,
				9E39C7B72B37F64D008B795F /* Assets.xcassets */,
				9ED9375D2B4A7764007C51E6 /* Info.plist */,
			);
			path = CloneCoddingOnthelook;
			sourceTree = "<group>";
		};
		9E39C7B92B37F64D008B795F /* Preview Content */ = {
			isa = PBXGroup;
			children = (
				9E39C7BA2B37F64D008B795F /* Preview Assets.xcassets */,
			);
			path = "Preview Content";
			sourceTree = "<group>";
		};
		9E39C7CF2B3A94F1008B795F /* Model */ = {
			isa = PBXGroup;
			children = (
				9E39C7CD2B3A947E008B795F /* Profile.swift */,
				9E39C7D12B3B18A3008B795F /* Card.swift */,
				9E39C7D32B3B1917008B795F /* Cloth.swift */,
				9EDB50142B554D8F00CF0B42 /* DataModel.swift */,
				9E386BCF2B5AD4C3001692AD /* TestDateModel.swift */,
			);
			path = Model;
			sourceTree = "<group>";
		};
		9E39C7D02B3A9857008B795F /* View */ = {
			isa = PBXGroup;
			children = (
				9E39C7C32B381B86008B795F /* HomeView.swift */,
				9E39C7C72B381FC9008B795F /* MyProfileView.swift */,
				9E39C88C2B482EA8008B795F /* FilterDetailView.swift */,
				9EDB50172B55566800CF0B42 /* CardView */,
				9EDB50182B55567000CF0B42 /* ClothView */,
				9EDB50162B55565D00CF0B42 /* BookMarkView */,
			);
			path = View;
			sourceTree = "<group>";
		};
		9E39C8892B482CD1008B795F /* View Model */ = {
			isa = PBXGroup;
			children = (
				9EDB501B2B58CF3800CF0B42 /* BookMarkItemViewModel.swift */,
			);
			path = "View Model";
			sourceTree = "<group>";
		};
		9EDB50162B55565D00CF0B42 /* BookMarkView */ = {
			isa = PBXGroup;
			children = (
				9E946E7B2B53D5ED006752D9 /* BookMarkView.swift */,
				9E39C7C52B381FB6008B795F /* BookMarkStyleView.swift */,
				9E386BDB2B5B9A3C001692AD /* BookMarkCreatorView.swift */,
				9EDB50122B554ACF00CF0B42 /* BookMarkCreatorDetailView.swift */,
				9E386BDD2B5B9A70001692AD /* BookMarkLikeView.swift */,
				9E386BDF2B5B9AEB001692AD /* BookMarkItemView.swift */,
				9EDB50192B58190800CF0B42 /* BookMarkItemDetailView.swift */,
			);
			path = BookMarkView;
			sourceTree = "<group>";
		};
		9EDB50172B55566800CF0B42 /* CardView */ = {
			isa = PBXGroup;
			children = (
				9E39C7C92B3820CD008B795F /* CardView.swift */,
				9E39C7C12B37F668008B795F /* DetailCardView.swift */,
			);
			path = CardView;
			sourceTree = "<group>";
		};
		9EDB50182B55567000CF0B42 /* ClothView */ = {
			isa = PBXGroup;
			children = (
				9E39C7D52B3B1AB8008B795F /* ClothView.swift */,
				9E946E792B4FD2E8006752D9 /* DetailClothView.swift */,
			);
			path = ClothView;
			sourceTree = "<group>";
		};
/* End PBXGroup section */

/* Begin PBXNativeTarget section */
		9E39C7AF2B37F64B008B795F /* CloneCoddingOnthelook */ = {
			isa = PBXNativeTarget;
			buildConfigurationList = 9E39C7BE2B37F64D008B795F /* Build configuration list for PBXNativeTarget "CloneCoddingOnthelook" */;
			buildPhases = (
				9E39C7AC2B37F64B008B795F /* Sources */,
				9E39C7AD2B37F64B008B795F /* Frameworks */,
				9E39C7AE2B37F64B008B795F /* Resources */,
			);
			buildRules = (
			);
			dependencies = (
			);
			name = CloneCoddingOnthelook;
			productName = CloneCoddingOnthelook;
			productReference = 9E39C7B02B37F64B008B795F /* CloneCoddingOnthelook.app */;
			productType = "com.apple.product-type.application";
		};
/* End PBXNativeTarget section */

/* Begin PBXProject section */
		9E39C7A82B37F64B008B795F /* Project object */ = {
			isa = PBXProject;
			attributes = {
				BuildIndependentTargetsInParallel = 1;
				LastSwiftUpdateCheck = 1510;
				LastUpgradeCheck = 1510;
				TargetAttributes = {
					9E39C7AF2B37F64B008B795F = {
						CreatedOnToolsVersion = 15.1;
					};
				};
			};
			buildConfigurationList = 9E39C7AB2B37F64B008B795F /* Build configuration list for PBXProject "CloneCoddingOnthelook" */;
			compatibilityVersion = "Xcode 14.0";
			developmentRegion = en;
			hasScannedForEncodings = 0;
			knownRegions = (
				en,
				Base,
			);
			mainGroup = 9E39C7A72B37F64B008B795F;
			productRefGroup = 9E39C7B12B37F64B008B795F /* Products */;
			projectDirPath = "";
			projectRoot = "";
			targets = (
				9E39C7AF2B37F64B008B795F /* CloneCoddingOnthelook */,
			);
		};
/* End PBXProject section */

/* Begin PBXResourcesBuildPhase section */
		9E39C7AE2B37F64B008B795F /* Resources */ = {
			isa = PBXResourcesBuildPhase;
			buildActionMask = 2147483647;
			files = (
				9E39C7BB2B37F64D008B795F /* Preview Assets.xcassets in Resources */,
				9E39C7B82B37F64D008B795F /* Assets.xcassets in Resources */,
			);
			runOnlyForDeploymentPostprocessing = 0;
		};
/* End PBXResourcesBuildPhase section */

/* Begin PBXSourcesBuildPhase section */
		9E39C7AC2B37F64B008B795F /* Sources */ = {
			isa = PBXSourcesBuildPhase;
			buildActionMask = 2147483647;
			files = (
				9E386BD62B5B83D4001692AD /* MyProfileView.swift in Sources */,
				9E386BD32B5B7F12001692AD /* FilterDetailView.swift in Sources */,
				9E386BD52B5B83D4001692AD /* BookMarkStyleView.swift in Sources */,
				9E386BE02B5B9AEB001692AD /* BookMarkItemView.swift in Sources */,
				9E946E7A2B4FD2E8006752D9 /* DetailClothView.swift in Sources */,
				9E39C7D62B3B1AB8008B795F /* ClothView.swift in Sources */,
				9E386BDC2B5B9A3C001692AD /* BookMarkCreatorView.swift in Sources */,
				9E386BD72B5B83D4001692AD /* BookMarkCreatorDetailView.swift in Sources */,
				9E39C7CA2B3820CD008B795F /* CardView.swift in Sources */,
				9E39C7D22B3B18A3008B795F /* Card.swift in Sources */,
				9E39C7CE2B3A947E008B795F /* Profile.swift in Sources */,
				9E39C7B62B37F64B008B795F /* ContentView.swift in Sources */,
				9E386BD82B5B83D4001692AD /* BookMarkItemDetailView.swift in Sources */,
				9E39C7D42B3B1917008B795F /* Cloth.swift in Sources */,
				9E386BDE2B5B9A70001692AD /* BookMarkLikeView.swift in Sources */,
				9E386BD42B5B83D4001692AD /* BookMarkView.swift in Sources */,
				9E39C7C42B381B86008B795F /* HomeView.swift in Sources */,
				9E386BD02B5AD4C3001692AD /* TestDateModel.swift in Sources */,
				9E39C7C22B37F668008B795F /* DetailCardView.swift in Sources */,
				9E39C7B42B37F64B008B795F /* CloneCoddingOnthelookApp.swift in Sources */,
				9EDB50152B554D8F00CF0B42 /* DataModel.swift in Sources */,
				9E386BDA2B5B83D4001692AD /* BookMarkItemViewModel.swift in Sources */,
			);
			runOnlyForDeploymentPostprocessing = 0;
		};
/* End PBXSourcesBuildPhase section */

/* Begin XCBuildConfiguration section */
		9E39C7BC2B37F64D008B795F /* Debug */ = {
			isa = XCBuildConfiguration;
			buildSettings = {
				ALWAYS_SEARCH_USER_PATHS = NO;
				ASSETCATALOG_COMPILER_GENERATE_SWIFT_ASSET_SYMBOL_EXTENSIONS = YES;
				CLANG_ANALYZER_NONNULL = YES;
				CLANG_ANALYZER_NUMBER_OBJECT_CONVERSION = YES_AGGRESSIVE;
				CLANG_CXX_LANGUAGE_STANDARD = "gnu++20";
				CLANG_ENABLE_MODULES = YES;
				CLANG_ENABLE_OBJC_ARC = YES;
				CLANG_ENABLE_OBJC_WEAK = YES;
				CLANG_WARN_BLOCK_CAPTURE_AUTORELEASING = YES;
				CLANG_WARN_BOOL_CONVERSION = YES;
				CLANG_WARN_COMMA = YES;
				CLANG_WARN_CONSTANT_CONVERSION = YES;
				CLANG_WARN_DEPRECATED_OBJC_IMPLEMENTATIONS = YES;
				CLANG_WARN_DIRECT_OBJC_ISA_USAGE = YES_ERROR;
				CLANG_WARN_DOCUMENTATION_COMMENTS = YES;
				CLANG_WARN_EMPTY_BODY = YES;
				CLANG_WARN_ENUM_CONVERSION = YES;
				CLANG_WARN_INFINITE_RECURSION = YES;
				CLANG_WARN_INT_CONVERSION = YES;
				CLANG_WARN_NON_LITERAL_NULL_CONVERSION = YES;
				CLANG_WARN_OBJC_IMPLICIT_RETAIN_SELF = YES;
				CLANG_WARN_OBJC_LITERAL_CONVERSION = YES;
				CLANG_WARN_OBJC_ROOT_CLASS = YES_ERROR;
				CLANG_WARN_QUOTED_INCLUDE_IN_FRAMEWORK_HEADER = YES;
				CLANG_WARN_RANGE_LOOP_ANALYSIS = YES;
				CLANG_WARN_STRICT_PROTOTYPES = YES;
				CLANG_WARN_SUSPICIOUS_MOVE = YES;
				CLANG_WARN_UNGUARDED_AVAILABILITY = YES_AGGRESSIVE;
				CLANG_WARN_UNREACHABLE_CODE = YES;
				CLANG_WARN__DUPLICATE_METHOD_MATCH = YES;
				COPY_PHASE_STRIP = NO;
				DEBUG_INFORMATION_FORMAT = dwarf;
				ENABLE_STRICT_OBJC_MSGSEND = YES;
				ENABLE_TESTABILITY = YES;
				ENABLE_USER_SCRIPT_SANDBOXING = YES;
				GCC_C_LANGUAGE_STANDARD = gnu17;
				GCC_DYNAMIC_NO_PIC = NO;
				GCC_NO_COMMON_BLOCKS = YES;
				GCC_OPTIMIZATION_LEVEL = 0;
				GCC_PREPROCESSOR_DEFINITIONS = (
					"DEBUG=1",
					"$(inherited)",
				);
				GCC_WARN_64_TO_32_BIT_CONVERSION = YES;
				GCC_WARN_ABOUT_RETURN_TYPE = YES_ERROR;
				GCC_WARN_UNDECLARED_SELECTOR = YES;
				GCC_WARN_UNINITIALIZED_AUTOS = YES_AGGRESSIVE;
				GCC_WARN_UNUSED_FUNCTION = YES;
				GCC_WARN_UNUSED_VARIABLE = YES;
				IPHONEOS_DEPLOYMENT_TARGET = 17.2;
				LOCALIZATION_PREFERS_STRING_CATALOGS = YES;
				MTL_ENABLE_DEBUG_INFO = INCLUDE_SOURCE;
				MTL_FAST_MATH = YES;
				ONLY_ACTIVE_ARCH = YES;
				SDKROOT = iphoneos;
				SWIFT_ACTIVE_COMPILATION_CONDITIONS = "DEBUG $(inherited)";
				SWIFT_OPTIMIZATION_LEVEL = "-Onone";
			};
			name = Debug;
		};
		9E39C7BD2B37F64D008B795F /* Release */ = {
			isa = XCBuildConfiguration;
			buildSettings = {
				ALWAYS_SEARCH_USER_PATHS = NO;
				ASSETCATALOG_COMPILER_GENERATE_SWIFT_ASSET_SYMBOL_EXTENSIONS = YES;
				CLANG_ANALYZER_NONNULL = YES;
				CLANG_ANALYZER_NUMBER_OBJECT_CONVERSION = YES_AGGRESSIVE;
				CLANG_CXX_LANGUAGE_STANDARD = "gnu++20";
				CLANG_ENABLE_MODULES = YES;
				CLANG_ENABLE_OBJC_ARC = YES;
				CLANG_ENABLE_OBJC_WEAK = YES;
				CLANG_WARN_BLOCK_CAPTURE_AUTORELEASING = YES;
				CLANG_WARN_BOOL_CONVERSION = YES;
				CLANG_WARN_COMMA = YES;
				CLANG_WARN_CONSTANT_CONVERSION = YES;
				CLANG_WARN_DEPRECATED_OBJC_IMPLEMENTATIONS = YES;
				CLANG_WARN_DIRECT_OBJC_ISA_USAGE = YES_ERROR;
				CLANG_WARN_DOCUMENTATION_COMMENTS = YES;
				CLANG_WARN_EMPTY_BODY = YES;
				CLANG_WARN_ENUM_CONVERSION = YES;
				CLANG_WARN_INFINITE_RECURSION = YES;
				CLANG_WARN_INT_CONVERSION = YES;
				CLANG_WARN_NON_LITERAL_NULL_CONVERSION = YES;
				CLANG_WARN_OBJC_IMPLICIT_RETAIN_SELF = YES;
				CLANG_WARN_OBJC_LITERAL_CONVERSION = YES;
				CLANG_WARN_OBJC_ROOT_CLASS = YES_ERROR;
				CLANG_WARN_QUOTED_INCLUDE_IN_FRAMEWORK_HEADER = YES;
				CLANG_WARN_RANGE_LOOP_ANALYSIS = YES;
				CLANG_WARN_STRICT_PROTOTYPES = YES;
				CLANG_WARN_SUSPICIOUS_MOVE = YES;
				CLANG_WARN_UNGUARDED_AVAILABILITY = YES_AGGRESSIVE;
				CLANG_WARN_UNREACHABLE_CODE = YES;
				CLANG_WARN__DUPLICATE_METHOD_MATCH = YES;
				COPY_PHASE_STRIP = NO;
				DEBUG_INFORMATION_FORMAT = "dwarf-with-dsym";
				ENABLE_NS_ASSERTIONS = NO;
				ENABLE_STRICT_OBJC_MSGSEND = YES;
				ENABLE_USER_SCRIPT_SANDBOXING = YES;
				GCC_C_LANGUAGE_STANDARD = gnu17;
				GCC_NO_COMMON_BLOCKS = YES;
				GCC_WARN_64_TO_32_BIT_CONVERSION = YES;
				GCC_WARN_ABOUT_RETURN_TYPE = YES_ERROR;
				GCC_WARN_UNDECLARED_SELECTOR = YES;
				GCC_WARN_UNINITIALIZED_AUTOS = YES_AGGRESSIVE;
				GCC_WARN_UNUSED_FUNCTION = YES;
				GCC_WARN_UNUSED_VARIABLE = YES;
				IPHONEOS_DEPLOYMENT_TARGET = 17.2;
				LOCALIZATION_PREFERS_STRING_CATALOGS = YES;
				MTL_ENABLE_DEBUG_INFO = NO;
				MTL_FAST_MATH = YES;
				SDKROOT = iphoneos;
				SWIFT_COMPILATION_MODE = wholemodule;
				VALIDATE_PRODUCT = YES;
			};
			name = Release;
		};
		9E39C7BF2B37F64D008B795F /* Debug */ = {
			isa = XCBuildConfiguration;
			buildSettings = {
				ASSETCATALOG_COMPILER_APPICON_NAME = AppIcon;
				ASSETCATALOG_COMPILER_GLOBAL_ACCENT_COLOR_NAME = AccentColor;
				CODE_SIGN_STYLE = Automatic;
				CURRENT_PROJECT_VERSION = 1;
				DEVELOPMENT_ASSET_PATHS = "\"CloneCoddingOnthelook/Preview Content\"";
				DEVELOPMENT_TEAM = DUJ2KB7PM5;
				ENABLE_PREVIEWS = YES;
				GENERATE_INFOPLIST_FILE = YES;
				INFOPLIST_FILE = CloneCoddingOnthelook/Info.plist;
				INFOPLIST_KEY_UIApplicationSceneManifest_Generation = YES;
				INFOPLIST_KEY_UIApplicationSupportsIndirectInputEvents = YES;
				INFOPLIST_KEY_UISupportedInterfaceOrientations_iPad = "UIInterfaceOrientationPortrait UIInterfaceOrientationPortraitUpsideDown UIInterfaceOrientationLandscapeLeft UIInterfaceOrientationLandscapeRight";
				INFOPLIST_KEY_UISupportedInterfaceOrientations_iPhone = "UIInterfaceOrientationPortrait UIInterfaceOrientationLandscapeLeft UIInterfaceOrientationLandscapeRight";
				IPHONEOS_DEPLOYMENT_TARGET = 17.1;
				LD_RUNPATH_SEARCH_PATHS = (
					"$(inherited)",
					"@executable_path/Frameworks",
				);
				MARKETING_VERSION = 1.0;
				PRODUCT_BUNDLE_IDENTIFIER = com.sbigstar.CloneCoddingOnthelook;
				PRODUCT_NAME = "$(TARGET_NAME)";
				SWIFT_EMIT_LOC_STRINGS = YES;
				SWIFT_VERSION = 5.0;
				TARGETED_DEVICE_FAMILY = "1,2";
			};
			name = Debug;
		};
		9E39C7C02B37F64D008B795F /* Release */ = {
			isa = XCBuildConfiguration;
			buildSettings = {
				ASSETCATALOG_COMPILER_APPICON_NAME = AppIcon;
				ASSETCATALOG_COMPILER_GLOBAL_ACCENT_COLOR_NAME = AccentColor;
				CODE_SIGN_STYLE = Automatic;
				CURRENT_PROJECT_VERSION = 1;
				DEVELOPMENT_ASSET_PATHS = "\"CloneCoddingOnthelook/Preview Content\"";
				DEVELOPMENT_TEAM = DUJ2KB7PM5;
				ENABLE_PREVIEWS = YES;
				GENERATE_INFOPLIST_FILE = YES;
				INFOPLIST_FILE = CloneCoddingOnthelook/Info.plist;
				INFOPLIST_KEY_UIApplicationSceneManifest_Generation = YES;
				INFOPLIST_KEY_UIApplicationSupportsIndirectInputEvents = YES;
				INFOPLIST_KEY_UISupportedInterfaceOrientations_iPad = "UIInterfaceOrientationPortrait UIInterfaceOrientationPortraitUpsideDown UIInterfaceOrientationLandscapeLeft UIInterfaceOrientationLandscapeRight";
				INFOPLIST_KEY_UISupportedInterfaceOrientations_iPhone = "UIInterfaceOrientationPortrait UIInterfaceOrientationLandscapeLeft UIInterfaceOrientationLandscapeRight";
				IPHONEOS_DEPLOYMENT_TARGET = 17.1;
				LD_RUNPATH_SEARCH_PATHS = (
					"$(inherited)",
					"@executable_path/Frameworks",
				);
				MARKETING_VERSION = 1.0;
				PRODUCT_BUNDLE_IDENTIFIER = com.sbigstar.CloneCoddingOnthelook;
				PRODUCT_NAME = "$(TARGET_NAME)";
				SWIFT_EMIT_LOC_STRINGS = YES;
				SWIFT_VERSION = 5.0;
				TARGETED_DEVICE_FAMILY = "1,2";
			};
			name = Release;
		};
/* End XCBuildConfiguration section */

/* Begin XCConfigurationList section */
		9E39C7AB2B37F64B008B795F /* Build configuration list for PBXProject "CloneCoddingOnthelook" */ = {
			isa = XCConfigurationList;
			buildConfigurations = (
				9E39C7BC2B37F64D008B795F /* Debug */,
				9E39C7BD2B37F64D008B795F /* Release */,
			);
			defaultConfigurationIsVisible = 0;
			defaultConfigurationName = Release;
		};
		9E39C7BE2B37F64D008B795F /* Build configuration list for PBXNativeTarget "CloneCoddingOnthelook" */ = {
			isa = XCConfigurationList;
			buildConfigurations = (
				9E39C7BF2B37F64D008B795F /* Debug */,
				9E39C7C02B37F64D008B795F /* Release */,
			);
			defaultConfigurationIsVisible = 0;
			defaultConfigurationName = Release;
		};
/* End XCConfigurationList section */
	};
	rootObject = 9E39C7A82B37F64B008B795F /* Project object */;
}
